
Microsoft Visual Studio Solution File, Format Version 11.00
# Visual Studio 2010
Project("{FAE04EC0-301F-11D3-BF4B-00C04F79EFBC}") = "Waiting_on_a_thread", "Waiting_on_a_thread\Waiting_on_a_thread.csproj", "{BD7BAABC-A7F6-4FC5-AF15-60EEE304E431}"
EndProject
Global
	GlobalSection(SolutionConfigurationPlatforms) = preSolution
		Debug|x86 = Debug|x86
		Release|x86 = Release|x86
	EndGlobalSection
	GlobalSection(ProjectConfigurationPlatforms) = postSolution
		{BD7BAABC-A7F6-4FC5-AF15-60EEE304E431}.Debug|x86.ActiveCfg = Debug|x86
		{BD7BAABC-A7F6-4FC5-AF15-60EEE304E431}.Debug|x86.Build.0 = Debug|x86
		{BD7BAABC-A7F6-4FC5-AF15-60EEE304E431}.Release|x86.ActiveCfg = Release|x86
		{BD7BAABC-A7F6-4FC5-AF15-60EEE304E431}.Release|x86.Build.0 = Release|x86
	EndGlobalSection
	GlobalSection(MonoDevelopProperties) = preSolution
		StartupItem = Waiting_on_a_thread\Waiting_on_a_thread.csproj
	EndGlobalSection
EndGlobal
